
Microsoft Visual Studio Solution File, Format Version 12.00
# Visual Studio Version 17
VisualStudioVersion = 17.5.002.0
MinimumVisualStudioVersion = 10.0.40219.1
Project("{9A19103F-16F7-4668-BE54-9A1E7A4F7556}") = "newDotnetProject", "newDotnetProject.csproj", "{B6D1AD1F-BE1B-4B70-80F6-A56D80DE01A2}"
EndProject
Global
	GlobalSection(SolutionConfigurationPlatforms) = preSolution
		Debug|Any CPU = Debug|Any CPU
		Release|Any CPU = Release|Any CPU
	EndGlobalSection
	GlobalSection(ProjectConfigurationPlatforms) = postSolution
		{B6D1AD1F-BE1B-4B70-80F6-A56D80DE01A2}.Debug|Any CPU.ActiveCfg = Debug|Any CPU
		{B6D1AD1F-BE1B-4B70-80F6-A56D80DE01A2}.Debug|Any CPU.Build.0 = Debug|Any CPU
		{B6D1AD1F-BE1B-4B70-80F6-A56D80DE01A2}.Release|Any CPU.ActiveCfg = Release|Any CPU
		{B6D1AD1F-BE1B-4B70-80F6-A56D80DE01A2}.Release|Any CPU.Build.0 = Release|Any CPU
	EndGlobalSection
	GlobalSection(SolutionProperties) = preSolution
		HideSolutionNode = FALSE
	EndGlobalSection
	GlobalSection(ExtensibilityGlobals) = postSolution
		SolutionGuid = {305940FF-3910-48D2-8050-60D4515D9E8A}
	EndGlobalSection
EndGlobal
